<?xml version="1.0" encoding="utf-8"?>
<Project ToolsVersion="4.0" xmlns="http://schemas.microsoft.com/developer/msbuild/2003">
  <ItemGroup>
    <Filter Include="소스 파일">
      <UniqueIdentifier>{4FC737F1-C7A5-4376-A066-2A32D752A2FF}</UniqueIdentifier>
      <Extensions>cpp;c;cc;cxx;def;odl;idl;hpj;bat;asm;asmx</Extensions>
    </Filter>
    <Filter Include="헤더 파일">
      <UniqueIdentifier>{93995380-89BD-4b04-88EB-625FBE52EBFB}</UniqueIdentifier>
      <Extensions>h;hh;hpp;hxx;hm;inl;inc;xsd</Extensions>
    </Filter>
    <Filter Include="리소스 파일">
      <UniqueIdentifier>{67DA6AB6-F800-4c08-8B7A-83BB121AAD01}</UniqueIdentifier>
      <Extensions>rc;ico;cur;bmp;dlg;rc2;rct;bin;rgs;gif;jpg;jpeg;jpe;resx;tiff;tif;png;wav;mfcribbon-ms</Extensions>
    </Filter>
    <Filter Include="소스 파일\Window">
      <UniqueIdentifier>{ec091d84-5abe-4b51-9d50-f88e52912dba}</UniqueIdentifier>
    </Filter>
    <Filter Include="소스 파일\Server">
      <UniqueIdentifier>{4253fe7d-1a46-45d1-9308-429284482a0c}</UniqueIdentifier>
    </Filter>
    <Filter Include="소스 파일\main">
      <UniqueIdentifier>{f7d64338-01a7-404a-9bc1-3e8cc10c8e82}</UniqueIdentifier>
    </Filter>
    <Filter Include="헤더 파일\main">
      <UniqueIdentifier>{5a565c2f-b286-48b4-925e-1e94d2fdc394}</UniqueIdentifier>
    </Filter>
    <Filter Include="헤더 파일\Window">
      <UniqueIdentifier>{3135b7eb-26d4-4c9e-9b91-e0fdd9ef9848}</UniqueIdentifier>
    </Filter>
    <Filter Include="헤더 파일\Server">
      <UniqueIdentifier>{dda1d9d2-be20-4132-87e8-f4e0e16dcc11}</UniqueIdentifier>
    </Filter>
    <Filter Include="헤더 파일\etc">
      <UniqueIdentifier>{a3945e7b-2ce1-4897-a59b-86c0e1eb750b}</UniqueIdentifier>
    </Filter>
  </ItemGroup>
  <ItemGroup>
    <Text Include="ReadMe.txt" />
  </ItemGroup>
  <ItemGroup>
    <ClInclude Include="dialog.h">
      <Filter>헤더 파일\Window</Filter>
    </ClInclude>
    <ClInclude Include="gameWindow.h">
      <Filter>헤더 파일\Window</Filter>
    </ClInclude>
    <ClInclude Include="loginWindow.h">
      <Filter>헤더 파일\Window</Filter>
    </ClInclude>
    <ClInclude Include="resultWindow.h">
      <Filter>헤더 파일\Window</Filter>
    </ClInclude>
    <ClInclude Include="waitRoomWindow.h">
      <Filter>헤더 파일\Window</Filter>
    </ClInclude>
    <ClInclude Include="fivetree.h">
      <Filter>헤더 파일\main</Filter>
    </ClInclude>
    <ClInclude Include="protocal.h">
      <Filter>헤더 파일\Server</Filter>
    </ClInclude>
    <ClInclude Include="sendPacket.h">
      <Filter>헤더 파일\Server</Filter>
    </ClInclude>
    <ClInclude Include="server.h">
      <Filter>헤더 파일\Server</Filter>
    </ClInclude>
    <ClInclude Include="Resource.h">
      <Filter>헤더 파일\main</Filter>
    </ClInclude>
    <ClInclude Include="stdafx.h">
      <Filter>헤더 파일\main</Filter>
    </ClInclude>
    <ClInclude Include="targetver.h">
      <Filter>헤더 파일\main</Filter>
    </ClInclude>
    <ClInclude Include="singleton.h">
      <Filter>헤더 파일\etc</Filter>
    </ClInclude>
  </ItemGroup>
  <ItemGroup>
    <ClCompile Include="stdafx.cpp">
      <Filter>소스 파일</Filter>
    </ClCompile>
    <ClCompile Include="gameWindow.cpp">
      <Filter>소스 파일\Window</Filter>
    </ClCompile>
    <ClCompile Include="loginWindow.cpp">
      <Filter>소스 파일\Window</Filter>
    </ClCompile>
    <ClCompile Include="resultWindow.cpp">
      <Filter>소스 파일\Window</Filter>
    </ClCompile>
    <ClCompile Include="protocal.cpp">
      <Filter>소스 파일\Server</Filter>
    </ClCompile>
    <ClCompile Include="sendPacket.cpp">
      <Filter>소스 파일\Server</Filter>
    </ClCompile>
    <ClCompile Include="server.cpp">
      <Filter>소스 파일\Server</Filter>
    </ClCompile>
    <ClCompile Include="waitRoomWindow.cpp">
      <Filter>소스 파일\Window</Filter>
    </ClCompile>
    <ClCompile Include="dialog.cpp">
      <Filter>소스 파일\Window</Filter>
    </ClCompile>
    <ClCompile Include="fivetree.cpp">
      <Filter>소스 파일\main</Filter>
    </ClCompile>
  </ItemGroup>
  <ItemGroup>
    <ResourceCompile Include="fivetree.rc">
      <Filter>리소스 파일</Filter>
    </ResourceCompile>
  </ItemGroup>
  <ItemGroup>
    <Image Include="small.ico">
      <Filter>리소스 파일</Filter>
    </Image>
    <Image Include="fivetree.ico">
      <Filter>리소스 파일</Filter>
    </Image>
    <Image Include="..\image.bmp">
      <Filter>리소스 파일</Filter>
    </Image>
    <Image Include="..\꼬부기.bmp">
      <Filter>리소스 파일</Filter>
    </Image>
    <Image Include="..\black.bmp">
      <Filter>리소스 파일</Filter>
    </Image>
    <Image Include="..\white.bmp">
      <Filter>리소스 파일</Filter>
    </Image>
    <Image Include="..\..\..\..\문서\Visual Studio 2015\Projects\프로그래머스 코딩 연습\fivetree\꼬부기.bmp">
      <Filter>리소스 파일</Filter>
    </Image>
    <Image Include="..\..\..\..\문서\Visual Studio 2015\Projects\프로그래머스 코딩 연습\fivetree\black.bmp">
      <Filter>리소스 파일</Filter>
    </Image>
    <Image Include="..\..\..\..\문서\Visual Studio 2015\Projects\프로그래머스 코딩 연습\fivetree\white.bmp">
      <Filter>리소스 파일</Filter>
    </Image>
    <Image Include="..\도라에몽 스프라이트.bmp">
      <Filter>리소스 파일</Filter>
    </Image>
    <Image Include="..\오목사진.bmp">
      <Filter>리소스 파일</Filter>
    </Image>
  </ItemGroup>
  <ItemGroup>
    <None Include="..\black.cur">
      <Filter>리소스 파일</Filter>
    </None>
    <None Include="..\white.cur">
      <Filter>리소스 파일</Filter>
    </None>
    <None Include="..\..\..\..\문서\Visual Studio 2015\Projects\프로그래머스 코딩 연습\fivetree\black.cur">
      <Filter>리소스 파일</Filter>
    </None>
    <None Include="..\..\..\..\문서\Visual Studio 2015\Projects\프로그래머스 코딩 연습\fivetree\white.cur">
      <Filter>리소스 파일</Filter>
    </None>
  </ItemGroup>
</Project>